
Microsoft Visual Studio Solution File, Format Version 12.00
# Visual Studio Version 16
VisualStudioVersion = 16.0.30011.22
MinimumVisualStudioVersion = 15.0.26124.0
Project("{9A19103F-16F7-4668-BE54-9A1E7A4F7556}") = "StarWars.Api", "StarWars.Api\StarWars.Api.csproj", "{6AEA7B2F-7B53-43F6-8ADC-8890EC9CFF44}"
EndProject
Project("{2150E333-8FDC-42A3-9474-1A3956D46DE8}") = "src", "src", "{CB42F17A-63B7-4485-BF12-2007D4F2D60A}"
EndProject
Project("{2150E333-8FDC-42A3-9474-1A3956D46DE8}") = "tests", "tests", "{48DA3542-CABE-4229-98E2-6732B504DB5B}"
EndProject
Project("{9A19103F-16F7-4668-BE54-9A1E7A4F7556}") = "StarWars.Application", "StarWars.Application\StarWars.Application.csproj", "{7BC0FF65-752D-46F6-B0CC-9D4E86D0FF11}"
EndProject
Project("{9A19103F-16F7-4668-BE54-9A1E7A4F7556}") = "StarWars.Domain", "StarWars.Domain\StarWars.Domain.csproj", "{D7CD128C-A338-458E-B1E7-DD172C87F8AB}"
EndProject
Project("{2150E333-8FDC-42A3-9474-1A3956D46DE8}") = "Solution Items", "Solution Items", "{13CDA71F-346A-4E17-8550-3BEDB68E0266}"
	ProjectSection(SolutionItems) = preProject
		..\initialSqlScript.sql = ..\initialSqlScript.sql
		..\README.md = ..\README.md
	EndProjectSection
EndProject
Project("{9A19103F-16F7-4668-BE54-9A1E7A4F7556}") = "StarWars.UnitTests", "..\tests\StarWars.UnitTests\StarWars.UnitTests.csproj", "{BA0D8B2C-C5EB-4B18-A750-D6BA112E4168}"
EndProject
Project("{9A19103F-16F7-4668-BE54-9A1E7A4F7556}") = "StarWars.Persistence", "StarWars.Persistence\StarWars.Persistence.csproj", "{A49CE934-20FF-45CC-9F69-A172BE0B6818}"
EndProject
Global
	GlobalSection(SolutionConfigurationPlatforms) = preSolution
		Debug|Any CPU = Debug|Any CPU
		Debug|x64 = Debug|x64
		Debug|x86 = Debug|x86
		Release|Any CPU = Release|Any CPU
		Release|x64 = Release|x64
		Release|x86 = Release|x86
	EndGlobalSection
	GlobalSection(ProjectConfigurationPlatforms) = postSolution
		{6AEA7B2F-7B53-43F6-8ADC-8890EC9CFF44}.Debug|Any CPU.ActiveCfg = Debug|Any CPU
		{6AEA7B2F-7B53-43F6-8ADC-8890EC9CFF44}.Debug|Any CPU.Build.0 = Debug|Any CPU
		{6AEA7B2F-7B53-43F6-8ADC-8890EC9CFF44}.Debug|x64.ActiveCfg = Debug|Any CPU
		{6AEA7B2F-7B53-43F6-8ADC-8890EC9CFF44}.Debug|x64.Build.0 = Debug|Any CPU
		{6AEA7B2F-7B53-43F6-8ADC-8890EC9CFF44}.Debug|x86.ActiveCfg = Debug|Any CPU
		{6AEA7B2F-7B53-43F6-8ADC-8890EC9CFF44}.Debug|x86.Build.0 = Debug|Any CPU
		{6AEA7B2F-7B53-43F6-8ADC-8890EC9CFF44}.Release|Any CPU.ActiveCfg = Release|Any CPU
		{6AEA7B2F-7B53-43F6-8ADC-8890EC9CFF44}.Release|Any CPU.Build.0 = Release|Any CPU
		{6AEA7B2F-7B53-43F6-8ADC-8890EC9CFF44}.Release|x64.ActiveCfg = Release|Any CPU
		{6AEA7B2F-7B53-43F6-8ADC-8890EC9CFF44}.Release|x64.Build.0 = Release|Any CPU
		{6AEA7B2F-7B53-43F6-8ADC-8890EC9CFF44}.Release|x86.ActiveCfg = Release|Any CPU
		{6AEA7B2F-7B53-43F6-8ADC-8890EC9CFF44}.Release|x86.Build.0 = Release|Any CPU
		{7BC0FF65-752D-46F6-B0CC-9D4E86D0FF11}.Debug|Any CPU.ActiveCfg = Debug|Any CPU
		{7BC0FF65-752D-46F6-B0CC-9D4E86D0FF11}.Debug|Any CPU.Build.0 = Debug|Any CPU
		{7BC0FF65-752D-46F6-B0CC-9D4E86D0FF11}.Debug|x64.ActiveCfg = Debug|Any CPU
		{7BC0FF65-752D-46F6-B0CC-9D4E86D0FF11}.Debug|x64.Build.0 = Debug|Any CPU
		{7BC0FF65-752D-46F6-B0CC-9D4E86D0FF11}.Debug|x86.ActiveCfg = Debug|Any CPU
		{7BC0FF65-752D-46F6-B0CC-9D4E86D0FF11}.Debug|x86.Build.0 = Debug|Any CPU
		{7BC0FF65-752D-46F6-B0CC-9D4E86D0FF11}.Release|Any CPU.ActiveCfg = Release|Any CPU
		{7BC0FF65-752D-46F6-B0CC-9D4E86D0FF11}.Release|Any CPU.Build.0 = Release|Any CPU
		{7BC0FF65-752D-46F6-B0CC-9D4E86D0FF11}.Release|x64.ActiveCfg = Release|Any CPU
		{7BC0FF65-752D-46F6-B0CC-9D4E86D0FF11}.Release|x64.Build.0 = Release|Any CPU
		{7BC0FF65-752D-46F6-B0CC-9D4E86D0FF11}.Release|x86.ActiveCfg = Release|Any CPU
		{7BC0FF65-752D-46F6-B0CC-9D4E86D0FF11}.Release|x86.Build.0 = Release|Any CPU
		{D7CD128C-A338-458E-B1E7-DD172C87F8AB}.Debug|Any CPU.ActiveCfg = Debug|Any CPU
		{D7CD128C-A338-458E-B1E7-DD172C87F8AB}.Debug|Any CPU.Build.0 = Debug|Any CPU
		{D7CD128C-A338-458E-B1E7-DD172C87F8AB}.Debug|x64.ActiveCfg = Debug|Any CPU
		{D7CD128C-A338-458E-B1E7-DD172C87F8AB}.Debug|x64.Build.0 = Debug|Any CPU
		{D7CD128C-A338-458E-B1E7-DD172C87F8AB}.Debug|x86.ActiveCfg = Debug|Any CPU
		{D7CD128C-A338-458E-B1E7-DD172C87F8AB}.Debug|x86.Build.0 = Debug|Any CPU
		{D7CD128C-A338-458E-B1E7-DD172C87F8AB}.Release|Any CPU.ActiveCfg = Release|Any CPU
		{D7CD128C-A338-458E-B1E7-DD172C87F8AB}.Release|Any CPU.Build.0 = Release|Any CPU
		{D7CD128C-A338-458E-B1E7-DD172C87F8AB}.Release|x64.ActiveCfg = Release|Any CPU
		{D7CD128C-A338-458E-B1E7-DD172C87F8AB}.Release|x64.Build.0 = Release|Any CPU
		{D7CD128C-A338-458E-B1E7-DD172C87F8AB}.Release|x86.ActiveCfg = Release|Any CPU
		{D7CD128C-A338-458E-B1E7-DD172C87F8AB}.Release|x86.Build.0 = Release|Any CPU
		{BA0D8B2C-C5EB-4B18-A750-D6BA112E4168}.Debug|Any CPU.ActiveCfg = Debug|Any CPU
		{BA0D8B2C-C5EB-4B18-A750-D6BA112E4168}.Debug|Any CPU.Build.0 = Debug|Any CPU
		{BA0D8B2C-C5EB-4B18-A750-D6BA112E4168}.Debug|x64.ActiveCfg = Debug|Any CPU
		{BA0D8B2C-C5EB-4B18-A750-D6BA112E4168}.Debug|x64.Build.0 = Debug|Any CPU
		{BA0D8B2C-C5EB-4B18-A750-D6BA112E4168}.Debug|x86.ActiveCfg = Debug|Any CPU
		{BA0D8B2C-C5EB-4B18-A750-D6BA112E4168}.Debug|x86.Build.0 = Debug|Any CPU
		{BA0D8B2C-C5EB-4B18-A750-D6BA112E4168}.Release|Any CPU.ActiveCfg = Release|Any CPU
		{BA0D8B2C-C5EB-4B18-A750-D6BA112E4168}.Release|Any CPU.Build.0 = Release|Any CPU
		{BA0D8B2C-C5EB-4B18-A750-D6BA112E4168}.Release|x64.ActiveCfg = Release|Any CPU
		{BA0D8B2C-C5EB-4B18-A750-D6BA112E4168}.Release|x64.Build.0 = Release|Any CPU
		{BA0D8B2C-C5EB-4B18-A750-D6BA112E4168}.Release|x86.ActiveCfg = Release|Any CPU
		{BA0D8B2C-C5EB-4B18-A750-D6BA112E4168}.Release|x86.Build.0 = Release|Any CPU
		{A49CE934-20FF-45CC-9F69-A172BE0B6818}.Debug|Any CPU.ActiveCfg = Debug|Any CPU
		{A49CE934-20FF-45CC-9F69-A172BE0B6818}.Debug|Any CPU.Build.0 = Debug|Any CPU
		{A49CE934-20FF-45CC-9F69-A172BE0B6818}.Debug|x64.ActiveCfg = Debug|Any CPU
		{A49CE934-20FF-45CC-9F69-A172BE0B6818}.Debug|x64.Build.0 = Debug|Any CPU
		{A49CE934-20FF-45CC-9F69-A172BE0B6818}.Debug|x86.ActiveCfg = Debug|Any CPU
		{A49CE934-20FF-45CC-9F69-A172BE0B6818}.Debug|x86.Build.0 = Debug|Any CPU
		{A49CE934-20FF-45CC-9F69-A172BE0B6818}.Release|Any CPU.ActiveCfg = Release|Any CPU
		{A49CE934-20FF-45CC-9F69-A172BE0B6818}.Release|Any CPU.Build.0 = Release|Any CPU
		{A49CE934-20FF-45CC-9F69-A172BE0B6818}.Release|x64.ActiveCfg = Release|Any CPU
		{A49CE934-20FF-45CC-9F69-A172BE0B6818}.Release|x64.Build.0 = Release|Any CPU
		{A49CE934-20FF-45CC-9F69-A172BE0B6818}.Release|x86.ActiveCfg = Release|Any CPU
		{A49CE934-20FF-45CC-9F69-A172BE0B6818}.Release|x86.Build.0 = Release|Any CPU
	EndGlobalSection
	GlobalSection(SolutionProperties) = preSolution
		HideSolutionNode = FALSE
	EndGlobalSection
	GlobalSection(NestedProjects) = preSolution
		{6AEA7B2F-7B53-43F6-8ADC-8890EC9CFF44} = {CB42F17A-63B7-4485-BF12-2007D4F2D60A}
		{7BC0FF65-752D-46F6-B0CC-9D4E86D0FF11} = {CB42F17A-63B7-4485-BF12-2007D4F2D60A}
		{D7CD128C-A338-458E-B1E7-DD172C87F8AB} = {CB42F17A-63B7-4485-BF12-2007D4F2D60A}
		{BA0D8B2C-C5EB-4B18-A750-D6BA112E4168} = {48DA3542-CABE-4229-98E2-6732B504DB5B}
		{A49CE934-20FF-45CC-9F69-A172BE0B6818} = {CB42F17A-63B7-4485-BF12-2007D4F2D60A}
	EndGlobalSection
	GlobalSection(ExtensibilityGlobals) = postSolution
		SolutionGuid = {71E7C7E9-2F3D-4C8C-B891-E68C872D884D}
	EndGlobalSection
EndGlobal
